
Microsoft Visual Studio Solution File, Format Version 12.00
# Visual Studio Version 16
VisualStudioVersion = 16.0.29911.84
MinimumVisualStudioVersion = 10.0.40219.1
Project("{FAE04EC0-301F-11D3-BF4B-00C04F79EFBC}") = "BackendFunctions", "BackendFunctions\BackendFunctions.csproj", "{5FBFFC96-E19E-42F5-95DD-C3E407BBCF97}"
EndProject
Global
	GlobalSection(SolutionConfigurationPlatforms) = preSolution
		Debug|Any CPU = Debug|Any CPU
		Release|Any CPU = Release|Any CPU
	EndGlobalSection
	GlobalSection(ProjectConfigurationPlatforms) = postSolution
		{5FBFFC96-E19E-42F5-95DD-C3E407BBCF97}.Debug|Any CPU.ActiveCfg = Debug|Any CPU
		{5FBFFC96-E19E-42F5-95DD-C3E407BBCF97}.Debug|Any CPU.Build.0 = Debug|Any CPU
		{5FBFFC96-E19E-42F5-95DD-C3E407BBCF97}.Release|Any CPU.ActiveCfg = Release|Any CPU
		{5FBFFC96-E19E-42F5-95DD-C3E407BBCF97}.Release|Any CPU.Build.0 = Release|Any CPU
	EndGlobalSection
	GlobalSection(SolutionProperties) = preSolution
		HideSolutionNode = FALSE
	EndGlobalSection
	GlobalSection(ExtensibilityGlobals) = postSolution
		SolutionGuid = {5A464FF2-E16A-46FD-A3FF-8045050DF9AF}
	EndGlobalSection
EndGlobal
